
Microsoft Visual Studio Solution File, Format Version 12.00
# Visual Studio 2012
Project("{FAE04EC0-301F-11D3-BF4B-00C04F79EFBC}") = "Apollyon", "Apollyon\Apollyon\Apollyon.csproj", "{F5E9EA6B-FBC7-4A09-8455-563A9AA747B4}"
EndProject
Project("{96E2B04D-8817-42C6-938A-82C39BA4D311}") = "ApollyonContent", "Apollyon\ApollyonContent\ApollyonContent.contentproj", "{85A50315-1784-4ED9-ADB1-14D6F9C92689}"
EndProject
Global
	GlobalSection(SolutionConfigurationPlatforms) = preSolution
		Debug|x86 = Debug|x86
		Release|x86 = Release|x86
	EndGlobalSection
	GlobalSection(ProjectConfigurationPlatforms) = postSolution
		{F5E9EA6B-FBC7-4A09-8455-563A9AA747B4}.Debug|x86.ActiveCfg = Debug|x86
		{F5E9EA6B-FBC7-4A09-8455-563A9AA747B4}.Debug|x86.Build.0 = Debug|x86
		{F5E9EA6B-FBC7-4A09-8455-563A9AA747B4}.Release|x86.ActiveCfg = Release|x86
		{F5E9EA6B-FBC7-4A09-8455-563A9AA747B4}.Release|x86.Build.0 = Release|x86
		{85A50315-1784-4ED9-ADB1-14D6F9C92689}.Debug|x86.ActiveCfg = Debug|x86
		{85A50315-1784-4ED9-ADB1-14D6F9C92689}.Release|x86.ActiveCfg = Release|x86
	EndGlobalSection
	GlobalSection(SolutionProperties) = preSolution
		HideSolutionNode = FALSE
	EndGlobalSection
EndGlobal
